// !$*UTF8*$!
{
	archiveVersion = 1;
	classes = {
	};
	objectVersion = 56;
	objects = {

/* Begin PBXBuildFile section */
		E151218929AC2CE200309C0B /* AppDelegate.swift in Sources */ = {isa = PBXBuildFile; fileRef = E151218829AC2CE200309C0B /* AppDelegate.swift */; };
		E151218B29AC2CE200309C0B /* SceneDelegate.swift in Sources */ = {isa = PBXBuildFile; fileRef = E151218A29AC2CE200309C0B /* SceneDelegate.swift */; };
		E151218D29AC2CE200309C0B /* ViewController.swift in Sources */ = {isa = PBXBuildFile; fileRef = E151218C29AC2CE200309C0B /* ViewController.swift */; };
		E151219029AC2CE200309C0B /* Main.storyboard in Resources */ = {isa = PBXBuildFile; fileRef = E151218E29AC2CE200309C0B /* Main.storyboard */; };
		E151219329AC2CE200309C0B /* First.xcdatamodeld in Sources */ = {isa = PBXBuildFile; fileRef = E151219129AC2CE200309C0B /* First.xcdatamodeld */; };
		E151219529AC2CE500309C0B /* Assets.xcassets in Resources */ = {isa = PBXBuildFile; fileRef = E151219429AC2CE500309C0B /* Assets.xcassets */; };
		E151219829AC2CE500309C0B /* LaunchScreen.storyboard in Resources */ = {isa = PBXBuildFile; fileRef = E151219629AC2CE500309C0B /* LaunchScreen.storyboard */; };
		E15121A329AC2CE600309C0B /* FirstTests.swift in Sources */ = {isa = PBXBuildFile; fileRef = E15121A229AC2CE600309C0B /* FirstTests.swift */; };
		E15121AD29AC2CE600309C0B /* FirstUITests.swift in Sources */ = {isa = PBXBuildFile; fileRef = E15121AC29AC2CE600309C0B /* FirstUITests.swift */; };
		E15121AF29AC2CE600309C0B /* FirstUITestsLaunchTests.swift in Sources */ = {isa = PBXBuildFile; fileRef = E15121AE29AC2CE600309C0B /* FirstUITestsLaunchTests.swift */; };
		E15121BC29AC2DE400309C0B /* Hater.swift in Sources */ = {isa = PBXBuildFile; fileRef = E15121BB29AC2DE400309C0B /* Hater.swift */; };
/* End PBXBuildFile section */

/* Begin PBXContainerItemProxy section */
		E151219F29AC2CE600309C0B /* PBXContainerItemProxy */ = {
			isa = PBXContainerItemProxy;
			containerPortal = E151217D29AC2CE200309C0B /* Project object */;
			proxyType = 1;
			remoteGlobalIDString = E151218429AC2CE200309C0B;
			remoteInfo = First;
		};
		E15121A929AC2CE600309C0B /* PBXContainerItemProxy */ = {
			isa = PBXContainerItemProxy;
			containerPortal = E151217D29AC2CE200309C0B /* Project object */;
			proxyType = 1;
			remoteGlobalIDString = E151218429AC2CE200309C0B;
			remoteInfo = First;
		};
/* End PBXContainerItemProxy section */

/* Begin PBXFileReference section */
		E151218529AC2CE200309C0B /* First.app */ = {isa = PBXFileReference; explicitFileType = wrapper.application; includeInIndex = 0; path = First.app; sourceTree = BUILT_PRODUCTS_DIR; };
		E151218829AC2CE200309C0B /* AppDelegate.swift */ = {isa = PBXFileReference; lastKnownFileType = sourcecode.swift; path = AppDelegate.swift; sourceTree = "<group>"; };
		E151218A29AC2CE200309C0B /* SceneDelegate.swift */ = {isa = PBXFileReference; lastKnownFileType = sourcecode.swift; path = SceneDelegate.swift; sourceTree = "<group>"; };
		E151218C29AC2CE200309C0B /* ViewController.swift */ = {isa = PBXFileReference; lastKnownFileType = sourcecode.swift; path = ViewController.swift; sourceTree = "<group>"; };
		E151218F29AC2CE200309C0B /* Base */ = {isa = PBXFileReference; lastKnownFileType = file.storyboard; name = Base; path = Base.lproj/Main.storyboard; sourceTree = "<group>"; };
		E151219229AC2CE200309C0B /* First.xcdatamodel */ = {isa = PBXFileReference; lastKnownFileType = wrapper.xcdatamodel; path = First.xcdatamodel; sourceTree = "<group>"; };
		E151219429AC2CE500309C0B /* Assets.xcassets */ = {isa = PBXFileReference; lastKnownFileType = folder.assetcatalog; path = Assets.xcassets; sourceTree = "<group>"; };
		E151219729AC2CE500309C0B /* Base */ = {isa = PBXFileReference; lastKnownFileType = file.storyboard; name = Base; path = Base.lproj/LaunchScreen.storyboard; sourceTree = "<group>"; };
		E151219929AC2CE500309C0B /* Info.plist */ = {isa = PBXFileReference; lastKnownFileType = text.plist.xml; path = Info.plist; sourceTree = "<group>"; };
		E151219E29AC2CE600309C0B /* FirstTests.xctest */ = {isa = PBXFileReference; explicitFileType = wrapper.cfbundle; includeInIndex = 0; path = FirstTests.xctest; sourceTree = BUILT_PRODUCTS_DIR; };
		E15121A229AC2CE600309C0B /* FirstTests.swift */ = {isa = PBXFileReference; lastKnownFileType = sourcecode.swift; path = FirstTests.swift; sourceTree = "<group>"; };
		E15121A829AC2CE600309C0B /* FirstUITests.xctest */ = {isa = PBXFileReference; explicitFileType = wrapper.cfbundle; includeInIndex = 0; path = FirstUITests.xctest; sourceTree = BUILT_PRODUCTS_DIR; };
		E15121AC29AC2CE600309C0B /* FirstUITests.swift */ = {isa = PBXFileReference; lastKnownFileType = sourcecode.swift; path = FirstUITests.swift; sourceTree = "<group>"; };
		E15121AE29AC2CE600309C0B /* FirstUITestsLaunchTests.swift */ = {isa = PBXFileReference; lastKnownFileType = sourcecode.swift; path = FirstUITestsLaunchTests.swift; sourceTree = "<group>"; };
		E15121BB29AC2DE400309C0B /* Hater.swift */ = {isa = PBXFileReference; lastKnownFileType = sourcecode.swift; path = Hater.swift; sourceTree = "<group>"; };
/* End PBXFileReference section */

/* Begin PBXFrameworksBuildPhase section */
		E151218229AC2CE200309C0B /* Frameworks */ = {
			isa = PBXFrameworksBuildPhase;
			buildActionMask = 2147483647;
			files = (
			);
			runOnlyForDeploymentPostprocessing = 0;
		};
		E151219B29AC2CE600309C0B /* Frameworks */ = {
			isa = PBXFrameworksBuildPhase;
			buildActionMask = 2147483647;
			files = (
			);
			runOnlyForDeploymentPostprocessing = 0;
		};
		E15121A529AC2CE600309C0B /* Frameworks */ = {
			isa = PBXFrameworksBuildPhase;
			buildActionMask = 2147483647;
			files = (
			);
			runOnlyForDeploymentPostprocessing = 0;
		};
/* End PBXFrameworksBuildPhase section */

/* Begin PBXGroup section */
		E151217C29AC2CE200309C0B = {
			isa = PBXGroup;
			children = (
				E15121BB29AC2DE400309C0B /* Hater.swift */,
				E151218729AC2CE200309C0B /* First */,
				E15121A129AC2CE600309C0B /* FirstTests */,
				E15121AB29AC2CE600309C0B /* FirstUITests */,
				E151218629AC2CE200309C0B /* Products */,
			);
			sourceTree = "<group>";
		};
		E151218629AC2CE200309C0B /* Products */ = {
			isa = PBXGroup;
			children = (
				E151218529AC2CE200309C0B /* First.app */,
				E151219E29AC2CE600309C0B /* FirstTests.xctest */,
				E15121A829AC2CE600309C0B /* FirstUITests.xctest */,
			);
			name = Products;
			sourceTree = "<group>";
		};
		E151218729AC2CE200309C0B /* First */ = {
			isa = PBXGroup;
			children = (
				E151218829AC2CE200309C0B /* AppDelegate.swift */,
				E151218A29AC2CE200309C0B /* SceneDelegate.swift */,
				E151218C29AC2CE200309C0B /* ViewController.swift */,
				E151218E29AC2CE200309C0B /* Main.storyboard */,
				E151219429AC2CE500309C0B /* Assets.xcassets */,
				E151219629AC2CE500309C0B /* LaunchScreen.storyboard */,
				E151219929AC2CE500309C0B /* Info.plist */,
				E151219129AC2CE200309C0B /* First.xcdatamodeld */,
			);
			path = First;
			sourceTree = "<group>";
		};
		E15121A129AC2CE600309C0B /* FirstTests */ = {
			isa = PBXGroup;
			children = (
				E15121A229AC2CE600309C0B /* FirstTests.swift */,
			);
			path = FirstTests;
			sourceTree = "<group>";
		};
		E15121AB29AC2CE600309C0B /* FirstUITests */ = {
			isa = PBXGroup;
			children = (
				E15121AC29AC2CE600309C0B /* FirstUITests.swift */,
				E15121AE29AC2CE600309C0B /* FirstUITestsLaunchTests.swift */,
			);
			path = FirstUITests;
			sourceTree = "<group>";
		};
/* End PBXGroup section */

/* Begin PBXNativeTarget section */
		E151218429AC2CE200309C0B /* First */ = {
			isa = PBXNativeTarget;
			buildConfigurationList = E15121B229AC2CE600309C0B /* Build configuration list for PBXNativeTarget "First" */;
			buildPhases = (
				E151218129AC2CE200309C0B /* Sources */,
				E151218229AC2CE200309C0B /* Frameworks */,
				E151218329AC2CE200309C0B /* Resources */,
			);
			buildRules = (
			);
			dependencies = (
			);
			name = First;
			productName = First;
			productReference = E151218529AC2CE200309C0B /* First.app */;
			productType = "com.apple.product-type.application";
		};
		E151219D29AC2CE600309C0B /* FirstTests */ = {
			isa = PBXNativeTarget;
			buildConfigurationList = E15121B529AC2CE600309C0B /* Build configuration list for PBXNativeTarget "FirstTests" */;
			buildPhases = (
				E151219A29AC2CE600309C0B /* Sources */,
				E151219B29AC2CE600309C0B /* Frameworks */,
				E151219C29AC2CE600309C0B /* Resources */,
			);
			buildRules = (
			);
			dependencies = (
				E15121A029AC2CE600309C0B /* PBXTargetDependency */,
			);
			name = FirstTests;
			productName = FirstTests;
			productReference = E151219E29AC2CE600309C0B /* FirstTests.xctest */;
			productType = "com.apple.product-type.bundle.unit-test";
		};
		E15121A729AC2CE600309C0B /* FirstUITests */ = {
			isa = PBXNativeTarget;
			buildConfigurationList = E15121B829AC2CE600309C0B /* Build configuration list for PBXNativeTarget "FirstUITests" */;
			buildPhases = (
				E15121A429AC2CE600309C0B /* Sources */,
				E15121A529AC2CE600309C0B /* Frameworks */,
				E15121A629AC2CE600309C0B /* Resources */,
			);
			buildRules = (
			);
			dependencies = (
				E15121AA29AC2CE600309C0B /* PBXTargetDependency */,
			);
			name = FirstUITests;
			productName = FirstUITests;
			productReference = E15121A829AC2CE600309C0B /* FirstUITests.xctest */;
			productType = "com.apple.product-type.bundle.ui-testing";
		};
/* End PBXNativeTarget section */

/* Begin PBXProject section */
		E151217D29AC2CE200309C0B /* Project object */ = {
			isa = PBXProject;
			attributes = {
				BuildIndependentTargetsInParallel = 1;
				LastSwiftUpdateCheck = 1420;
				LastUpgradeCheck = 1420;
				TargetAttributes = {
					E151218429AC2CE200309C0B = {
						CreatedOnToolsVersion = 14.2;
					};
					E151219D29AC2CE600309C0B = {
						CreatedOnToolsVersion = 14.2;
						TestTargetID = E151218429AC2CE200309C0B;
					};
					E15121A729AC2CE600309C0B = {
						CreatedOnToolsVersion = 14.2;
						TestTargetID = E151218429AC2CE200309C0B;
					};
				};
			};
			buildConfigurationList = E151218029AC2CE200309C0B /* Build configuration list for PBXProject "First" */;
			compatibilityVersion = "Xcode 14.0";
			developmentRegion = en;
			hasScannedForEncodings = 0;
			knownRegions = (
				en,
				Base,
			);
			mainGroup = E151217C29AC2CE200309C0B;
			productRefGroup = E151218629AC2CE200309C0B /* Products */;
			projectDirPath = "";
			projectRoot = "";
			targets = (
				E151218429AC2CE200309C0B /* First */,
				E151219D29AC2CE600309C0B /* FirstTests */,
				E15121A729AC2CE600309C0B /* FirstUITests */,
			);
		};
/* End PBXProject section */

/* Begin PBXResourcesBuildPhase section */
		E151218329AC2CE200309C0B /* Resources */ = {
			isa = PBXResourcesBuildPhase;
			buildActionMask = 2147483647;
			files = (
				E151219829AC2CE500309C0B /* LaunchScreen.storyboard in Resources */,
				E151219529AC2CE500309C0B /* Assets.xcassets in Resources */,
				E151219029AC2CE200309C0B /* Main.storyboard in Resources */,
			);
			runOnlyForDeploymentPostprocessing = 0;
		};
		E151219C29AC2CE600309C0B /* Resources */ = {
			isa = PBXResourcesBuildPhase;
			buildActionMask = 2147483647;
			files = (
			);
			runOnlyForDeploymentPostprocessing = 0;
		};
		E15121A629AC2CE600309C0B /* Resources */ = {
			isa = PBXResourcesBuildPhase;
			buildActionMask = 2147483647;
			files = (
			);
			runOnlyForDeploymentPostprocessing = 0;
		};
/* End PBXResourcesBuildPhase section */

/* Begin PBXSourcesBuildPhase section */
		E151218129AC2CE200309C0B /* Sources */ = {
			isa = PBXSourcesBuildPhase;
			buildActionMask = 2147483647;
			files = (
				E15121BC29AC2DE400309C0B /* Hater.swift in Sources */,
				E151218D29AC2CE200309C0B /* ViewController.swift in Sources */,
				E151218929AC2CE200309C0B /* AppDelegate.swift in Sources */,
				E151219329AC2CE200309C0B /* First.xcdatamodeld in Sources */,
				E151218B29AC2CE200309C0B /* SceneDelegate.swift in Sources */,
			);
			runOnlyForDeploymentPostprocessing = 0;
		};
		E151219A29AC2CE600309C0B /* Sources */ = {
			isa = PBXSourcesBuildPhase;
			buildActionMask = 2147483647;
			files = (
				E15121A329AC2CE600309C0B /* FirstTests.swift in Sources */,
			);
			runOnlyForDeploymentPostprocessing = 0;
		};
		E15121A429AC2CE600309C0B /* Sources */ = {
			isa = PBXSourcesBuildPhase;
			buildActionMask = 2147483647;
			files = (
				E15121AD29AC2CE600309C0B /* FirstUITests.swift in Sources */,
				E15121AF29AC2CE600309C0B /* FirstUITestsLaunchTests.swift in Sources */,
			);
			runOnlyForDeploymentPostprocessing = 0;
		};
/* End PBXSourcesBuildPhase section */

/* Begin PBXTargetDependency section */
		E15121A029AC2CE600309C0B /* PBXTargetDependency */ = {
			isa = PBXTargetDependency;
			target = E151218429AC2CE200309C0B /* First */;
			targetProxy = E151219F29AC2CE600309C0B /* PBXContainerItemProxy */;
		};
		E15121AA29AC2CE600309C0B /* PBXTargetDependency */ = {
			isa = PBXTargetDependency;
			target = E151218429AC2CE200309C0B /* First */;
			targetProxy = E15121A929AC2CE600309C0B /* PBXContainerItemProxy */;
		};
/* End PBXTargetDependency section */

/* Begin PBXVariantGroup section */
		E151218E29AC2CE200309C0B /* Main.storyboard */ = {
			isa = PBXVariantGroup;
			children = (
				E151218F29AC2CE200309C0B /* Base */,
			);
			name = Main.storyboard;
			sourceTree = "<group>";
		};
		E151219629AC2CE500309C0B /* LaunchScreen.storyboard */ = {
			isa = PBXVariantGroup;
			children = (
				E151219729AC2CE500309C0B /* Base */,
			);
			name = LaunchScreen.storyboard;
			sourceTree = "<group>";
		};
/* End PBXVariantGroup section */

/* Begin XCBuildConfiguration section */
		E15121B029AC2CE600309C0B /* Debug */ = {
			isa = XCBuildConfiguration;
			buildSettings = {
				ALWAYS_SEARCH_USER_PATHS = NO;
				CLANG_ANALYZER_NONNULL = YES;
				CLANG_ANALYZER_NUMBER_OBJECT_CONVERSION = YES_AGGRESSIVE;
				CLANG_CXX_LANGUAGE_STANDARD = "gnu++20";
				CLANG_ENABLE_MODULES = YES;
				CLANG_ENABLE_OBJC_ARC = YES;
				CLANG_ENABLE_OBJC_WEAK = YES;
				CLANG_WARN_BLOCK_CAPTURE_AUTORELEASING = YES;
				CLANG_WARN_BOOL_CONVERSION = YES;
				CLANG_WARN_COMMA = YES;
				CLANG_WARN_CONSTANT_CONVERSION = YES;
				CLANG_WARN_DEPRECATED_OBJC_IMPLEMENTATIONS = YES;
				CLANG_WARN_DIRECT_OBJC_ISA_USAGE = YES_ERROR;
				CLANG_WARN_DOCUMENTATION_COMMENTS = YES;
				CLANG_WARN_EMPTY_BODY = YES;
				CLANG_WARN_ENUM_CONVERSION = YES;
				CLANG_WARN_INFINITE_RECURSION = YES;
				CLANG_WARN_INT_CONVERSION = YES;
				CLANG_WARN_NON_LITERAL_NULL_CONVERSION = YES;
				CLANG_WARN_OBJC_IMPLICIT_RETAIN_SELF = YES;
				CLANG_WARN_OBJC_LITERAL_CONVERSION = YES;
				CLANG_WARN_OBJC_ROOT_CLASS = YES_ERROR;
				CLANG_WARN_QUOTED_INCLUDE_IN_FRAMEWORK_HEADER = YES;
				CLANG_WARN_RANGE_LOOP_ANALYSIS = YES;
				CLANG_WARN_STRICT_PROTOTYPES = YES;
				CLANG_WARN_SUSPICIOUS_MOVE = YES;
				CLANG_WARN_UNGUARDED_AVAILABILITY = YES_AGGRESSIVE;
				CLANG_WARN_UNREACHABLE_CODE = YES;
				CLANG_WARN__DUPLICATE_METHOD_MATCH = YES;
				COPY_PHASE_STRIP = NO;
				DEBUG_INFORMATION_FORMAT = dwarf;
				ENABLE_STRICT_OBJC_MSGSEND = YES;
				ENABLE_TESTABILITY = YES;
				GCC_C_LANGUAGE_STANDARD = gnu11;
				GCC_DYNAMIC_NO_PIC = NO;
				GCC_NO_COMMON_BLOCKS = YES;
				GCC_OPTIMIZATION_LEVEL = 0;
				GCC_PREPROCESSOR_DEFINITIONS = (
					"DEBUG=1",
					"$(inherited)",
				);
				GCC_WARN_64_TO_32_BIT_CONVERSION = YES;
				GCC_WARN_ABOUT_RETURN_TYPE = YES_ERROR;
				GCC_WARN_UNDECLARED_SELECTOR = YES;
				GCC_WARN_UNINITIALIZED_AUTOS = YES_AGGRESSIVE;
				GCC_WARN_UNUSED_FUNCTION = YES;
				GCC_WARN_UNUSED_VARIABLE = YES;
				IPHONEOS_DEPLOYMENT_TARGET = 16.2;
				MTL_ENABLE_DEBUG_INFO = INCLUDE_SOURCE;
				MTL_FAST_MATH = YES;
				ONLY_ACTIVE_ARCH = YES;
				SDKROOT = iphoneos;
				SWIFT_ACTIVE_COMPILATION_CONDITIONS = DEBUG;
				SWIFT_OPTIMIZATION_LEVEL = "-Onone";
			};
			name = Debug;
		};
		E15121B129AC2CE600309C0B /* Release */ = {
			isa = XCBuildConfiguration;
			buildSettings = {
				ALWAYS_SEARCH_USER_PATHS = NO;
				CLANG_ANALYZER_NONNULL = YES;
				CLANG_ANALYZER_NUMBER_OBJECT_CONVERSION = YES_AGGRESSIVE;
				CLANG_CXX_LANGUAGE_STANDARD = "gnu++20";
				CLANG_ENABLE_MODULES = YES;
				CLANG_ENABLE_OBJC_ARC = YES;
				CLANG_ENABLE_OBJC_WEAK = YES;
				CLANG_WARN_BLOCK_CAPTURE_AUTORELEASING = YES;
				CLANG_WARN_BOOL_CONVERSION = YES;
				CLANG_WARN_COMMA = YES;
				CLANG_WARN_CONSTANT_CONVERSION = YES;
				CLANG_WARN_DEPRECATED_OBJC_IMPLEMENTATIONS = YES;
				CLANG_WARN_DIRECT_OBJC_ISA_USAGE = YES_ERROR;
				CLANG_WARN_DOCUMENTATION_COMMENTS = YES;
				CLANG_WARN_EMPTY_BODY = YES;
				CLANG_WARN_ENUM_CONVERSION = YES;
				CLANG_WARN_INFINITE_RECURSION = YES;
				CLANG_WARN_INT_CONVERSION = YES;
				CLANG_WARN_NON_LITERAL_NULL_CONVERSION = YES;
				CLANG_WARN_OBJC_IMPLICIT_RETAIN_SELF = YES;
				CLANG_WARN_OBJC_LITERAL_CONVERSION = YES;
				CLANG_WARN_OBJC_ROOT_CLASS = YES_ERROR;
				CLANG_WARN_QUOTED_INCLUDE_IN_FRAMEWORK_HEADER = YES;
				CLANG_WARN_RANGE_LOOP_ANALYSIS = YES;
				CLANG_WARN_STRICT_PROTOTYPES = YES;
				CLANG_WARN_SUSPICIOUS_MOVE = YES;
				CLANG_WARN_UNGUARDED_AVAILABILITY = YES_AGGRESSIVE;
				CLANG_WARN_UNREACHABLE_CODE = YES;
				CLANG_WARN__DUPLICATE_METHOD_MATCH = YES;
				COPY_PHASE_STRIP = NO;
				DEBUG_INFORMATION_FORMAT = "dwarf-with-dsym";
				ENABLE_NS_ASSERTIONS = NO;
				ENABLE_STRICT_OBJC_MSGSEND = YES;
				GCC_C_LANGUAGE_STANDARD = gnu11;
				GCC_NO_COMMON_BLOCKS = YES;
				GCC_WARN_64_TO_32_BIT_CONVERSION = YES;
				GCC_WARN_ABOUT_RETURN_TYPE = YES_ERROR;
				GCC_WARN_UNDECLARED_SELECTOR = YES;
				GCC_WARN_UNINITIALIZED_AUTOS = YES_AGGRESSIVE;
				GCC_WARN_UNUSED_FUNCTION = YES;
				GCC_WARN_UNUSED_VARIABLE = YES;
				IPHONEOS_DEPLOYMENT_TARGET = 16.2;
				MTL_ENABLE_DEBUG_INFO = NO;
				MTL_FAST_MATH = YES;
				SDKROOT = iphoneos;
				SWIFT_COMPILATION_MODE = wholemodule;
				SWIFT_OPTIMIZATION_LEVEL = "-O";
				VALIDATE_PRODUCT = YES;
			};
			name = Release;
		};
		E15121B329AC2CE600309C0B /* Debug */ = {
			isa = XCBuildConfiguration;
			buildSettings = {
				ASSETCATALOG_COMPILER_APPICON_NAME = AppIcon;
				ASSETCATALOG_COMPILER_GLOBAL_ACCENT_COLOR_NAME = AccentColor;
				CODE_SIGN_STYLE = Automatic;
				CURRENT_PROJECT_VERSION = 1;
				DEVELOPMENT_TEAM = 7V62K8VW46;
				GENERATE_INFOPLIST_FILE = YES;
				INFOPLIST_FILE = First/Info.plist;
				INFOPLIST_KEY_UIApplicationSupportsIndirectInputEvents = YES;
				INFOPLIST_KEY_UILaunchStoryboardName = LaunchScreen;
				INFOPLIST_KEY_UIMainStoryboardFile = Main;
				INFOPLIST_KEY_UISupportedInterfaceOrientations_iPad = "UIInterfaceOrientationPortrait UIInterfaceOrientationPortraitUpsideDown UIInterfaceOrientationLandscapeLeft UIInterfaceOrientationLandscapeRight";
				INFOPLIST_KEY_UISupportedInterfaceOrientations_iPhone = "UIInterfaceOrientationPortrait UIInterfaceOrientationLandscapeLeft UIInterfaceOrientationLandscapeRight";
				LD_RUNPATH_SEARCH_PATHS = (
					"$(inherited)",
					"@executable_path/Frameworks",
				);
				MARKETING_VERSION = 1.0;
				PRODUCT_BUNDLE_IDENTIFIER = "Lukas-Bimba.First";
				PRODUCT_NAME = "$(TARGET_NAME)";
				SWIFT_EMIT_LOC_STRINGS = YES;
				SWIFT_VERSION = 5.0;
				TARGETED_DEVICE_FAMILY = "1,2";
			};
			name = Debug;
		};
		E15121B429AC2CE600309C0B /* Release */ = {
			isa = XCBuildConfiguration;
			buildSettings = {
				ASSETCATALOG_COMPILER_APPICON_NAME = AppIcon;
				ASSETCATALOG_COMPILER_GLOBAL_ACCENT_COLOR_NAME = AccentColor;
				CODE_SIGN_STYLE = Automatic;
				CURRENT_PROJECT_VERSION = 1;
				DEVELOPMENT_TEAM = 7V62K8VW46;
				GENERATE_INFOPLIST_FILE = YES;
				INFOPLIST_FILE = First/Info.plist;
				INFOPLIST_KEY_UIApplicationSupportsIndirectInputEvents = YES;
				INFOPLIST_KEY_UILaunchStoryboardName = LaunchScreen;
				INFOPLIST_KEY_UIMainStoryboardFile = Main;
				INFOPLIST_KEY_UISupportedInterfaceOrientations_iPad = "UIInterfaceOrientationPortrait UIInterfaceOrientationPortraitUpsideDown UIInterfaceOrientationLandscapeLeft UIInterfaceOrientationLandscapeRight";
				INFOPLIST_KEY_UISupportedInterfaceOrientations_iPhone = "UIInterfaceOrientationPortrait UIInterfaceOrientationLandscapeLeft UIInterfaceOrientationLandscapeRight";
				LD_RUNPATH_SEARCH_PATHS = (
					"$(inherited)",
					"@executable_path/Frameworks",
				);
				MARKETING_VERSION = 1.0;
				PRODUCT_BUNDLE_IDENTIFIER = "Lukas-Bimba.First";
				PRODUCT_NAME = "$(TARGET_NAME)";
				SWIFT_EMIT_LOC_STRINGS = YES;
				SWIFT_VERSION = 5.0;
				TARGETED_DEVICE_FAMILY = "1,2";
			};
			name = Release;
		};
		E15121B629AC2CE600309C0B /* Debug */ = {
			isa = XCBuildConfiguration;
			buildSettings = {
				ALWAYS_EMBED_SWIFT_STANDARD_LIBRARIES = YES;
				BUNDLE_LOADER = "$(TEST_HOST)";
				CODE_SIGN_STYLE = Automatic;
				CURRENT_PROJECT_VERSION = 1;
				DEVELOPMENT_TEAM = 7V62K8VW46;
				GENERATE_INFOPLIST_FILE = YES;
				IPHONEOS_DEPLOYMENT_TARGET = 16.2;
				MARKETING_VERSION = 1.0;
				PRODUCT_BUNDLE_IDENTIFIER = "Lukas-Bimba.FirstTests";
				PRODUCT_NAME = "$(TARGET_NAME)";
				SWIFT_EMIT_LOC_STRINGS = NO;
				SWIFT_VERSION = 5.0;
				TARGETED_DEVICE_FAMILY = "1,2";
				TEST_HOST = "$(BUILT_PRODUCTS_DIR)/First.app/$(BUNDLE_EXECUTABLE_FOLDER_PATH)/First";
			};
			name = Debug;
		};
		E15121B729AC2CE600309C0B /* Release */ = {
			isa = XCBuildConfiguration;
			buildSettings = {
				ALWAYS_EMBED_SWIFT_STANDARD_LIBRARIES = YES;
				BUNDLE_LOADER = "$(TEST_HOST)";
				CODE_SIGN_STYLE = Automatic;
				CURRENT_PROJECT_VERSION = 1;
				DEVELOPMENT_TEAM = 7V62K8VW46;
				GENERATE_INFOPLIST_FILE = YES;
				IPHONEOS_DEPLOYMENT_TARGET = 16.2;
				MARKETING_VERSION = 1.0;
				PRODUCT_BUNDLE_IDENTIFIER = "Lukas-Bimba.FirstTests";
				PRODUCT_NAME = "$(TARGET_NAME)";
				SWIFT_EMIT_LOC_STRINGS = NO;
				SWIFT_VERSION = 5.0;
				TARGETED_DEVICE_FAMILY = "1,2";
				TEST_HOST = "$(BUILT_PRODUCTS_DIR)/First.app/$(BUNDLE_EXECUTABLE_FOLDER_PATH)/First";
			};
			name = Release;
		};
		E15121B929AC2CE600309C0B /* Debug */ = {
			isa = XCBuildConfiguration;
			buildSettings = {
				ALWAYS_EMBED_SWIFT_STANDARD_LIBRARIES = YES;
				CODE_SIGN_STYLE = Automatic;
				CURRENT_PROJECT_VERSION = 1;
				DEVELOPMENT_TEAM = 7V62K8VW46;
				GENERATE_INFOPLIST_FILE = YES;
				MARKETING_VERSION = 1.0;
				PRODUCT_BUNDLE_IDENTIFIER = "Lukas-Bimba.FirstUITests";
				PRODUCT_NAME = "$(TARGET_NAME)";
				SWIFT_EMIT_LOC_STRINGS = NO;
				SWIFT_VERSION = 5.0;
				TARGETED_DEVICE_FAMILY = "1,2";
				TEST_TARGET_NAME = First;
			};
			name = Debug;
		};
		E15121BA29AC2CE600309C0B /* Release */ = {
			isa = XCBuildConfiguration;
			buildSettings = {
				ALWAYS_EMBED_SWIFT_STANDARD_LIBRARIES = YES;
				CODE_SIGN_STYLE = Automatic;
				CURRENT_PROJECT_VERSION = 1;
				DEVELOPMENT_TEAM = 7V62K8VW46;
				GENERATE_INFOPLIST_FILE = YES;
				MARKETING_VERSION = 1.0;
				PRODUCT_BUNDLE_IDENTIFIER = "Lukas-Bimba.FirstUITests";
				PRODUCT_NAME = "$(TARGET_NAME)";
				SWIFT_EMIT_LOC_STRINGS = NO;
				SWIFT_VERSION = 5.0;
				TARGETED_DEVICE_FAMILY = "1,2";
				TEST_TARGET_NAME = First;
			};
			name = Release;
		};
/* End XCBuildConfiguration section */

/* Begin XCConfigurationList section */
		E151218029AC2CE200309C0B /* Build configuration list for PBXProject "First" */ = {
			isa = XCConfigurationList;
			buildConfigurations = (
				E15121B029AC2CE600309C0B /* Debug */,
				E15121B129AC2CE600309C0B /* Release */,
			);
			defaultConfigurationIsVisible = 0;
			defaultConfigurationName = Release;
		};
		E15121B229AC2CE600309C0B /* Build configuration list for PBXNativeTarget "First" */ = {
			isa = XCConfigurationList;
			buildConfigurations = (
				E15121B329AC2CE600309C0B /* Debug */,
				E15121B429AC2CE600309C0B /* Release */,
			);
			defaultConfigurationIsVisible = 0;
			defaultConfigurationName = Release;
		};
		E15121B529AC2CE600309C0B /* Build configuration list for PBXNativeTarget "FirstTests" */ = {
			isa = XCConfigurationList;
			buildConfigurations = (
				E15121B629AC2CE600309C0B /* Debug */,
				E15121B729AC2CE600309C0B /* Release */,
			);
			defaultConfigurationIsVisible = 0;
			defaultConfigurationName = Release;
		};
		E15121B829AC2CE600309C0B /* Build configuration list for PBXNativeTarget "FirstUITests" */ = {
			isa = XCConfigurationList;
			buildConfigurations = (
				E15121B929AC2CE600309C0B /* Debug */,
				E15121BA29AC2CE600309C0B /* Release */,
			);
			defaultConfigurationIsVisible = 0;
			defaultConfigurationName = Release;
		};
/* End XCConfigurationList section */

/* Begin XCVersionGroup section */
		E151219129AC2CE200309C0B /* First.xcdatamodeld */ = {
			isa = XCVersionGroup;
			children = (
				E151219229AC2CE200309C0B /* First.xcdatamodel */,
			);
			currentVersion = E151219229AC2CE200309C0B /* First.xcdatamodel */;
			path = First.xcdatamodeld;
			sourceTree = "<group>";
			versionGroupType = wrapper.xcdatamodel;
		};
/* End XCVersionGroup section */
	};
	rootObject = E151217D29AC2CE200309C0B /* Project object */;
}
